
Microsoft Visual Studio Solution File, Format Version 12.00
# Visual Studio 15
VisualStudioVersion = 15.0.26124.0
MinimumVisualStudioVersion = 15.0.26124.0
Project("{2150E333-8FDC-42A3-9474-1A3956D46DE8}") = "src", "src", "{AE06F07F-B4A3-41EE-9412-318B0BA8C9E1}"
EndProject
Project("{FAE04EC0-301F-11D3-BF4B-00C04F79EFBC}") = "Actio.Api", "src\Actio.Api\Actio.Api.csproj", "{08D2491E-AC33-43E8-A57A-EF047F57CDDD}"
EndProject
Project("{FAE04EC0-301F-11D3-BF4B-00C04F79EFBC}") = "Actio.Common", "src\Actio.Common\Actio.Common.csproj", "{3A7A657E-6785-40A6-92BF-DBFDCC9F25CC}"
EndProject
Project("{FAE04EC0-301F-11D3-BF4B-00C04F79EFBC}") = "Actio.Services.Activities", "src\Actio.Services.Activities\Actio.Services.Activities.csproj", "{D8A93333-C839-4038-8036-CD93F31C2A6B}"
EndProject
Project("{FAE04EC0-301F-11D3-BF4B-00C04F79EFBC}") = "Actio.Services.Identity", "src\Actio.Services.Identity\Actio.Services.Identity.csproj", "{DA4CCEDC-CBFC-4B6E-9B6E-635B77B6FB7A}"
EndProject
Global
	GlobalSection(SolutionConfigurationPlatforms) = preSolution
		Debug|Any CPU = Debug|Any CPU
		Debug|x64 = Debug|x64
		Debug|x86 = Debug|x86
		Release|Any CPU = Release|Any CPU
		Release|x64 = Release|x64
		Release|x86 = Release|x86
	EndGlobalSection
	GlobalSection(SolutionProperties) = preSolution
		HideSolutionNode = FALSE
	EndGlobalSection
	GlobalSection(ProjectConfigurationPlatforms) = postSolution
		{08D2491E-AC33-43E8-A57A-EF047F57CDDD}.Debug|Any CPU.ActiveCfg = Debug|Any CPU
		{08D2491E-AC33-43E8-A57A-EF047F57CDDD}.Debug|Any CPU.Build.0 = Debug|Any CPU
		{08D2491E-AC33-43E8-A57A-EF047F57CDDD}.Debug|x64.ActiveCfg = Debug|Any CPU
		{08D2491E-AC33-43E8-A57A-EF047F57CDDD}.Debug|x64.Build.0 = Debug|Any CPU
		{08D2491E-AC33-43E8-A57A-EF047F57CDDD}.Debug|x86.ActiveCfg = Debug|Any CPU
		{08D2491E-AC33-43E8-A57A-EF047F57CDDD}.Debug|x86.Build.0 = Debug|Any CPU
		{08D2491E-AC33-43E8-A57A-EF047F57CDDD}.Release|Any CPU.ActiveCfg = Release|Any CPU
		{08D2491E-AC33-43E8-A57A-EF047F57CDDD}.Release|Any CPU.Build.0 = Release|Any CPU
		{08D2491E-AC33-43E8-A57A-EF047F57CDDD}.Release|x64.ActiveCfg = Release|Any CPU
		{08D2491E-AC33-43E8-A57A-EF047F57CDDD}.Release|x64.Build.0 = Release|Any CPU
		{08D2491E-AC33-43E8-A57A-EF047F57CDDD}.Release|x86.ActiveCfg = Release|Any CPU
		{08D2491E-AC33-43E8-A57A-EF047F57CDDD}.Release|x86.Build.0 = Release|Any CPU
		{3A7A657E-6785-40A6-92BF-DBFDCC9F25CC}.Debug|Any CPU.ActiveCfg = Debug|Any CPU
		{3A7A657E-6785-40A6-92BF-DBFDCC9F25CC}.Debug|Any CPU.Build.0 = Debug|Any CPU
		{3A7A657E-6785-40A6-92BF-DBFDCC9F25CC}.Debug|x64.ActiveCfg = Debug|Any CPU
		{3A7A657E-6785-40A6-92BF-DBFDCC9F25CC}.Debug|x64.Build.0 = Debug|Any CPU
		{3A7A657E-6785-40A6-92BF-DBFDCC9F25CC}.Debug|x86.ActiveCfg = Debug|Any CPU
		{3A7A657E-6785-40A6-92BF-DBFDCC9F25CC}.Debug|x86.Build.0 = Debug|Any CPU
		{3A7A657E-6785-40A6-92BF-DBFDCC9F25CC}.Release|Any CPU.ActiveCfg = Release|Any CPU
		{3A7A657E-6785-40A6-92BF-DBFDCC9F25CC}.Release|Any CPU.Build.0 = Release|Any CPU
		{3A7A657E-6785-40A6-92BF-DBFDCC9F25CC}.Release|x64.ActiveCfg = Release|Any CPU
		{3A7A657E-6785-40A6-92BF-DBFDCC9F25CC}.Release|x64.Build.0 = Release|Any CPU
		{3A7A657E-6785-40A6-92BF-DBFDCC9F25CC}.Release|x86.ActiveCfg = Release|Any CPU
		{3A7A657E-6785-40A6-92BF-DBFDCC9F25CC}.Release|x86.Build.0 = Release|Any CPU
		{D8A93333-C839-4038-8036-CD93F31C2A6B}.Debug|Any CPU.ActiveCfg = Debug|Any CPU
		{D8A93333-C839-4038-8036-CD93F31C2A6B}.Debug|Any CPU.Build.0 = Debug|Any CPU
		{D8A93333-C839-4038-8036-CD93F31C2A6B}.Debug|x64.ActiveCfg = Debug|Any CPU
		{D8A93333-C839-4038-8036-CD93F31C2A6B}.Debug|x64.Build.0 = Debug|Any CPU
		{D8A93333-C839-4038-8036-CD93F31C2A6B}.Debug|x86.ActiveCfg = Debug|Any CPU
		{D8A93333-C839-4038-8036-CD93F31C2A6B}.Debug|x86.Build.0 = Debug|Any CPU
		{D8A93333-C839-4038-8036-CD93F31C2A6B}.Release|Any CPU.ActiveCfg = Release|Any CPU
		{D8A93333-C839-4038-8036-CD93F31C2A6B}.Release|Any CPU.Build.0 = Release|Any CPU
		{D8A93333-C839-4038-8036-CD93F31C2A6B}.Release|x64.ActiveCfg = Release|Any CPU
		{D8A93333-C839-4038-8036-CD93F31C2A6B}.Release|x64.Build.0 = Release|Any CPU
		{D8A93333-C839-4038-8036-CD93F31C2A6B}.Release|x86.ActiveCfg = Release|Any CPU
		{D8A93333-C839-4038-8036-CD93F31C2A6B}.Release|x86.Build.0 = Release|Any CPU
		{DA4CCEDC-CBFC-4B6E-9B6E-635B77B6FB7A}.Debug|Any CPU.ActiveCfg = Debug|Any CPU
		{DA4CCEDC-CBFC-4B6E-9B6E-635B77B6FB7A}.Debug|Any CPU.Build.0 = Debug|Any CPU
		{DA4CCEDC-CBFC-4B6E-9B6E-635B77B6FB7A}.Debug|x64.ActiveCfg = Debug|Any CPU
		{DA4CCEDC-CBFC-4B6E-9B6E-635B77B6FB7A}.Debug|x64.Build.0 = Debug|Any CPU
		{DA4CCEDC-CBFC-4B6E-9B6E-635B77B6FB7A}.Debug|x86.ActiveCfg = Debug|Any CPU
		{DA4CCEDC-CBFC-4B6E-9B6E-635B77B6FB7A}.Debug|x86.Build.0 = Debug|Any CPU
		{DA4CCEDC-CBFC-4B6E-9B6E-635B77B6FB7A}.Release|Any CPU.ActiveCfg = Release|Any CPU
		{DA4CCEDC-CBFC-4B6E-9B6E-635B77B6FB7A}.Release|Any CPU.Build.0 = Release|Any CPU
		{DA4CCEDC-CBFC-4B6E-9B6E-635B77B6FB7A}.Release|x64.ActiveCfg = Release|Any CPU
		{DA4CCEDC-CBFC-4B6E-9B6E-635B77B6FB7A}.Release|x64.Build.0 = Release|Any CPU
		{DA4CCEDC-CBFC-4B6E-9B6E-635B77B6FB7A}.Release|x86.ActiveCfg = Release|Any CPU
		{DA4CCEDC-CBFC-4B6E-9B6E-635B77B6FB7A}.Release|x86.Build.0 = Release|Any CPU
	EndGlobalSection
	GlobalSection(NestedProjects) = preSolution
		{08D2491E-AC33-43E8-A57A-EF047F57CDDD} = {AE06F07F-B4A3-41EE-9412-318B0BA8C9E1}
		{3A7A657E-6785-40A6-92BF-DBFDCC9F25CC} = {AE06F07F-B4A3-41EE-9412-318B0BA8C9E1}
		{D8A93333-C839-4038-8036-CD93F31C2A6B} = {AE06F07F-B4A3-41EE-9412-318B0BA8C9E1}
		{DA4CCEDC-CBFC-4B6E-9B6E-635B77B6FB7A} = {AE06F07F-B4A3-41EE-9412-318B0BA8C9E1}
	EndGlobalSection
EndGlobal
